
Microsoft Visual Studio Solution File, Format Version 12.00
# Visual Studio 15
VisualStudioVersion = 15.0.27004.2005
MinimumVisualStudioVersion = 10.0.40219.1
Project("{9A19103F-16F7-4668-BE54-9A1E7A4F7556}") = "CasaDoCodigo.TDD", "CasaDoCodigo.TDD\CasaDoCodigo.TDD.csproj", "{75660CB3-B3A3-4E50-AF04-1A1D545BC166}"
EndProject
Project("{FAE04EC0-301F-11D3-BF4B-00C04F79EFBC}") = "CasaDoCodigo.TDDUnitTest", "CasaDoCodigo.TDDUnitTest\CasaDoCodigo.TDDUnitTest.csproj", "{B791CBDC-4DAE-4A93-8C52-A66EFE898854}"
EndProject
Global
	GlobalSection(SolutionConfigurationPlatforms) = preSolution
		Debug|Any CPU = Debug|Any CPU
		Release|Any CPU = Release|Any CPU
	EndGlobalSection
	GlobalSection(ProjectConfigurationPlatforms) = postSolution
		{75660CB3-B3A3-4E50-AF04-1A1D545BC166}.Debug|Any CPU.ActiveCfg = Debug|Any CPU
		{75660CB3-B3A3-4E50-AF04-1A1D545BC166}.Debug|Any CPU.Build.0 = Debug|Any CPU
		{75660CB3-B3A3-4E50-AF04-1A1D545BC166}.Release|Any CPU.ActiveCfg = Release|Any CPU
		{75660CB3-B3A3-4E50-AF04-1A1D545BC166}.Release|Any CPU.Build.0 = Release|Any CPU
		{B791CBDC-4DAE-4A93-8C52-A66EFE898854}.Debug|Any CPU.ActiveCfg = Debug|Any CPU
		{B791CBDC-4DAE-4A93-8C52-A66EFE898854}.Debug|Any CPU.Build.0 = Debug|Any CPU
		{B791CBDC-4DAE-4A93-8C52-A66EFE898854}.Release|Any CPU.ActiveCfg = Release|Any CPU
		{B791CBDC-4DAE-4A93-8C52-A66EFE898854}.Release|Any CPU.Build.0 = Release|Any CPU
	EndGlobalSection
	GlobalSection(SolutionProperties) = preSolution
		HideSolutionNode = FALSE
	EndGlobalSection
	GlobalSection(ExtensibilityGlobals) = postSolution
		SolutionGuid = {B3FFFB93-309D-4088-98AC-83B295B41DAF}
	EndGlobalSection
EndGlobal
